
Microsoft Visual Studio Solution File, Format Version 12.00
# Visual Studio Version 16
VisualStudioVersion = 16.0.29424.173
MinimumVisualStudioVersion = 10.0.40219.1
Project("{9A19103F-16F7-4668-BE54-9A1E7A4F7556}") = "CoreWebApi.ClientApi", "CoreWebApi.ClientApi\CoreWebApi.ClientApi.csproj", "{2C693CA1-CBE6-4674-9555-2B17B5939B5E}"
EndProject
Project("{9A19103F-16F7-4668-BE54-9A1E7A4F7556}") = "DemoWebApi.DemoDataCore", "DemoWebApi.DemoDataCore\DemoWebApi.DemoDataCore.csproj", "{CAD158E0-5120-4EF0-9892-79C2C184A27B}"
EndProject
Project("{D954291E-2A0B-460D-934E-DC6B0785DB48}") = "DemoWebApi.DemoDataShared", "DemoWebApi.DemoDataShared\DemoWebApi.DemoDataShared.shproj", "{3CA753F3-B771-4BCE-9406-1708B44F907B}"
EndProject
Project("{2150E333-8FDC-42A3-9474-1A3956D46DE8}") = "Tests", "Tests", "{39445712-FE9F-4406-A103-F181E9DC2233}"
EndProject
Project("{9A19103F-16F7-4668-BE54-9A1E7A4F7556}") = "IntegrationTestsCore", "Tests\IntegrationTestsCore\IntegrationTestsCore.csproj", "{F2BE5539-DCAF-4C13-8682-654BA1D0CCDD}"
EndProject
Project("{D954291E-2A0B-460D-934E-DC6B0785DB48}") = "IntegrationTestsShared", "Tests\IntegrationTestsShared\IntegrationTestsShared.shproj", "{EB9EE874-F621-4A9F-AB17-7E29E392F26A}"
EndProject
Project("{2150E333-8FDC-42A3-9474-1A3956D46DE8}") = "Solution Items", "Solution Items", "{C32E2512-1839-4A94-B119-A33161C2EA92}"
	ProjectSection(SolutionItems) = preProject
		README.md = README.md
	EndProjectSection
EndProject
Project("{D954291E-2A0B-460D-934E-DC6B0785DB48}") = "DemoWebApi.ControllersShared", "DemoWebApi.ControllersShared\DemoWebApi.ControllersShared.shproj", "{A30A256B-C0E7-410E-A002-7A5590D1E9A4}"
EndProject
Project("{9A19103F-16F7-4668-BE54-9A1E7A4F7556}") = "Core3WebApi", "Core3WebApi\Core3WebApi.csproj", "{5C64D0FE-B283-4A4F-B235-49C5F6FD0229}"
EndProject
Project("{9A19103F-16F7-4668-BE54-9A1E7A4F7556}") = "CoreNG3", "CoreNG3\CoreNG3.csproj", "{2A8A1560-FC36-4328-A570-530E3001DF31}"
EndProject
Project("{9A19103F-16F7-4668-BE54-9A1E7A4F7556}") = "Core3Mvc", "Core3Mvc\Core3Mvc.csproj", "{D9B87BDE-8771-49DB-99D2-91F2D35A1D48}"
EndProject
Global
	GlobalSection(SharedMSBuildProjectFiles) = preSolution
		DemoWebApi.DemoDataShared\DemoWebApi.DemoDataShared.projitems*{3ca753f3-b771-4bce-9406-1708b44f907b}*SharedItemsImports = 13
		DemoWebApi.ControllersShared\DemoWebApi.ControllersShared.projitems*{a30a256b-c0e7-410e-a002-7a5590d1e9a4}*SharedItemsImports = 13
		Tests\IntegrationTestsShared\IntegrationTestsShared.projitems*{eb9ee874-f621-4a9f-ab17-7e29e392f26a}*SharedItemsImports = 13
	EndGlobalSection
	GlobalSection(SolutionConfigurationPlatforms) = preSolution
		Debug|Any CPU = Debug|Any CPU
		Release|Any CPU = Release|Any CPU
	EndGlobalSection
	GlobalSection(ProjectConfigurationPlatforms) = postSolution
		{2C693CA1-CBE6-4674-9555-2B17B5939B5E}.Debug|Any CPU.ActiveCfg = Debug|Any CPU
		{2C693CA1-CBE6-4674-9555-2B17B5939B5E}.Debug|Any CPU.Build.0 = Debug|Any CPU
		{2C693CA1-CBE6-4674-9555-2B17B5939B5E}.Release|Any CPU.ActiveCfg = Release|Any CPU
		{2C693CA1-CBE6-4674-9555-2B17B5939B5E}.Release|Any CPU.Build.0 = Release|Any CPU
		{CAD158E0-5120-4EF0-9892-79C2C184A27B}.Debug|Any CPU.ActiveCfg = Debug|Any CPU
		{CAD158E0-5120-4EF0-9892-79C2C184A27B}.Debug|Any CPU.Build.0 = Debug|Any CPU
		{CAD158E0-5120-4EF0-9892-79C2C184A27B}.Release|Any CPU.ActiveCfg = Release|Any CPU
		{CAD158E0-5120-4EF0-9892-79C2C184A27B}.Release|Any CPU.Build.0 = Release|Any CPU
		{F2BE5539-DCAF-4C13-8682-654BA1D0CCDD}.Debug|Any CPU.ActiveCfg = Debug|Any CPU
		{F2BE5539-DCAF-4C13-8682-654BA1D0CCDD}.Debug|Any CPU.Build.0 = Debug|Any CPU
		{F2BE5539-DCAF-4C13-8682-654BA1D0CCDD}.Release|Any CPU.ActiveCfg = Release|Any CPU
		{F2BE5539-DCAF-4C13-8682-654BA1D0CCDD}.Release|Any CPU.Build.0 = Release|Any CPU
		{5C64D0FE-B283-4A4F-B235-49C5F6FD0229}.Debug|Any CPU.ActiveCfg = Debug|Any CPU
		{5C64D0FE-B283-4A4F-B235-49C5F6FD0229}.Debug|Any CPU.Build.0 = Debug|Any CPU
		{5C64D0FE-B283-4A4F-B235-49C5F6FD0229}.Release|Any CPU.ActiveCfg = Release|Any CPU
		{5C64D0FE-B283-4A4F-B235-49C5F6FD0229}.Release|Any CPU.Build.0 = Release|Any CPU
		{2A8A1560-FC36-4328-A570-530E3001DF31}.Debug|Any CPU.ActiveCfg = Debug|Any CPU
		{2A8A1560-FC36-4328-A570-530E3001DF31}.Debug|Any CPU.Build.0 = Debug|Any CPU
		{2A8A1560-FC36-4328-A570-530E3001DF31}.Release|Any CPU.ActiveCfg = Release|Any CPU
		{2A8A1560-FC36-4328-A570-530E3001DF31}.Release|Any CPU.Build.0 = Release|Any CPU
		{D9B87BDE-8771-49DB-99D2-91F2D35A1D48}.Debug|Any CPU.ActiveCfg = Debug|Any CPU
		{D9B87BDE-8771-49DB-99D2-91F2D35A1D48}.Debug|Any CPU.Build.0 = Debug|Any CPU
		{D9B87BDE-8771-49DB-99D2-91F2D35A1D48}.Release|Any CPU.ActiveCfg = Release|Any CPU
		{D9B87BDE-8771-49DB-99D2-91F2D35A1D48}.Release|Any CPU.Build.0 = Release|Any CPU
	EndGlobalSection
	GlobalSection(SolutionProperties) = preSolution
		HideSolutionNode = FALSE
	EndGlobalSection
	GlobalSection(NestedProjects) = preSolution
		{F2BE5539-DCAF-4C13-8682-654BA1D0CCDD} = {39445712-FE9F-4406-A103-F181E9DC2233}
		{EB9EE874-F621-4A9F-AB17-7E29E392F26A} = {39445712-FE9F-4406-A103-F181E9DC2233}
	EndGlobalSection
	GlobalSection(ExtensibilityGlobals) = postSolution
		SolutionGuid = {F3EFB0EB-BFFA-4C16-B235-B121695229EF}
	EndGlobalSection
EndGlobal
