
Microsoft Visual Studio Solution File, Format Version 12.00
# Visual Studio Version 17
VisualStudioVersion = 17.0.32014.148
MinimumVisualStudioVersion = 10.0.40219.1
Project("{9A19103F-16F7-4668-BE54-9A1E7A4F7556}") = "CoreWebApi.ClientApi", "CoreWebApi.ClientApi\CoreWebApi.ClientApi.csproj", "{2C693CA1-CBE6-4674-9555-2B17B5939B5E}"
EndProject
Project("{2150E333-8FDC-42A3-9474-1A3956D46DE8}") = "Tests", "Tests", "{39445712-FE9F-4406-A103-F181E9DC2233}"
EndProject
Project("{2150E333-8FDC-42A3-9474-1A3956D46DE8}") = "Solution Items", "Solution Items", "{C32E2512-1839-4A94-B119-A33161C2EA92}"
	ProjectSection(SolutionItems) = preProject
		README.md = README.md
	EndProjectSection
EndProject
Project("{9A19103F-16F7-4668-BE54-9A1E7A4F7556}") = "Core3WebApi", "Core3WebApi\Core3WebApi.csproj", "{5C64D0FE-B283-4A4F-B235-49C5F6FD0229}"
EndProject
Project("{9A19103F-16F7-4668-BE54-9A1E7A4F7556}") = "Core3Mvc", "Core3Mvc\Core3Mvc.csproj", "{D9B87BDE-8771-49DB-99D2-91F2D35A1D48}"
EndProject
Project("{2150E333-8FDC-42A3-9474-1A3956D46DE8}") = "mobile", "mobile", "{CCF8CF05-5B88-4A83-82D3-B81478DB8E41}"
EndProject
Project("{9A19103F-16F7-4668-BE54-9A1E7A4F7556}") = "Fonlow.MauiHeroes.ViewModels", "mobile\Fonlow.MauiHeroes.ViewModels\Fonlow.MauiHeroes.ViewModels.csproj", "{A95DE0FF-A967-4A7F-A2C4-2643D14518CB}"
EndProject
Project("{9A19103F-16F7-4668-BE54-9A1E7A4F7556}") = "Fonlow.MauiHeroes.Views", "mobile\Fonlow.MauiHeroes.Views\Fonlow.MauiHeroes.Views.csproj", "{765AF5AC-799B-40E4-8A5C-DC0FAF9869F3}"
EndProject
Project("{9A19103F-16F7-4668-BE54-9A1E7A4F7556}") = "Fonlow.MauiHeroes", "mobile\Fonlow.MauiHeroes\Fonlow.MauiHeroes.csproj", "{B9F15E0A-15DA-446B-9E57-1DC8E3B5D498}"
EndProject
Project("{9A19103F-16F7-4668-BE54-9A1E7A4F7556}") = "MauiHeroes", "MauiMulti\MauiHeroes\MauiHeroes\MauiHeroes.csproj", "{C040A803-30A9-4647-95AE-9E40755BA9DF}"
EndProject
Project("{9A19103F-16F7-4668-BE54-9A1E7A4F7556}") = "MauiHeroes.Droid", "MauiMulti\MauiHeroes\MauiHeroes.Droid\MauiHeroes.Droid.csproj", "{8D2692AD-9742-453C-8EF8-EE0486CC094B}"
EndProject
Project("{9A19103F-16F7-4668-BE54-9A1E7A4F7556}") = "MauiHeroes.iOS", "MauiMulti\MauiHeroes\MauiHeroes.iOS\MauiHeroes.iOS.csproj", "{8215BB5A-EC0A-407D-8F61-373F40275E86}"
EndProject
Project("{9A19103F-16F7-4668-BE54-9A1E7A4F7556}") = "MauiHeroes.Mac", "MauiMulti\MauiHeroes\MauiHeroes.Mac\MauiHeroes.Mac.csproj", "{2F9FBC53-F4DD-42E5-AF99-43FB4B228E20}"
EndProject
Project("{9A19103F-16F7-4668-BE54-9A1E7A4F7556}") = "MauiHeroes.WinUI", "MauiMulti\MauiHeroes\MauiHeroes.WinUI\MauiHeroes.WinUI.csproj", "{581B7B99-11D1-48DA-A7E6-6BDBC2A0A04D}"
EndProject
Project("{2150E333-8FDC-42A3-9474-1A3956D46DE8}") = "MauiMulti", "MauiMulti", "{6D111A1E-D72F-4886-B31F-78EEDD6CA87E}"
EndProject
Project("{9A19103F-16F7-4668-BE54-9A1E7A4F7556}") = "BlazorHeroesWeb", "BlazorHeroesWeb\BlazorHeroesWeb.csproj", "{2BEBF692-8FA2-4F3B-8F8C-FC5EE8338448}"
EndProject
Project("{9A19103F-16F7-4668-BE54-9A1E7A4F7556}") = "BlazorHeroesWA", "BlazorHeroesWA\BlazorHeroesWA\BlazorHeroesWA.csproj", "{25A8B2D2-284F-4ABD-9E15-ACC37B7F7F4F}"
EndProject
Project("{9A19103F-16F7-4668-BE54-9A1E7A4F7556}") = "BlazorHeroesWA.Client", "BlazorHeroesWA\BlazorHeroesWA.Client\BlazorHeroesWA.Client.csproj", "{DA38BB0E-1026-4023-976B-E0701F5956E2}"
EndProject
Project("{9A19103F-16F7-4668-BE54-9A1E7A4F7556}") = "DemoWebApi.DemoDataCore", "DemoWebApi.DemoDataCore\DemoWebApi.DemoDataCore.csproj", "{D2998072-CB35-42A0-BC8B-3363597BC620}"
EndProject
Project("{9A19103F-16F7-4668-BE54-9A1E7A4F7556}") = "DemoCoreWebControllers", "DemoCoreWebControllers\DemoCoreWebControllers.csproj", "{3CF4D025-7332-4EB9-B5E1-DD7B4AD926D6}"
EndProject
Project("{D954291E-2A0B-460D-934E-DC6B0785DB48}") = "IntegrationTestShared", "Tests\IntegrationTestShared\IntegrationTestShared.shproj", "{60B7393D-9285-4D0A-A368-877ED60C6C11}"
EndProject
Project("{9A19103F-16F7-4668-BE54-9A1E7A4F7556}") = "IntegrationTestsTextJson", "Tests\IntegrationTestsTextJson\IntegrationTestsTextJson.csproj", "{1C24AD54-CFBE-471D-ACB4-D9B5E115628A}"
EndProject
Project("{9A19103F-16F7-4668-BE54-9A1E7A4F7556}") = "BlazorHeroesWAStandalone", "BlazorHeroesWAStandalone\BlazorHeroesWAStandalone.csproj", "{624790EC-7DD3-484B-B8E9-11B824D5A9F2}"
EndProject
Global
	GlobalSection(SolutionConfigurationPlatforms) = preSolution
		Debug|Any CPU = Debug|Any CPU
		Debug|ARM64 = Debug|ARM64
		Debug|x64 = Debug|x64
		Debug|x86 = Debug|x86
		Release|Any CPU = Release|Any CPU
		Release|ARM64 = Release|ARM64
		Release|x64 = Release|x64
		Release|x86 = Release|x86
	EndGlobalSection
	GlobalSection(ProjectConfigurationPlatforms) = postSolution
		{2C693CA1-CBE6-4674-9555-2B17B5939B5E}.Debug|Any CPU.ActiveCfg = Debug|Any CPU
		{2C693CA1-CBE6-4674-9555-2B17B5939B5E}.Debug|Any CPU.Build.0 = Debug|Any CPU
		{2C693CA1-CBE6-4674-9555-2B17B5939B5E}.Debug|ARM64.ActiveCfg = Debug|Any CPU
		{2C693CA1-CBE6-4674-9555-2B17B5939B5E}.Debug|ARM64.Build.0 = Debug|Any CPU
		{2C693CA1-CBE6-4674-9555-2B17B5939B5E}.Debug|x64.ActiveCfg = Debug|Any CPU
		{2C693CA1-CBE6-4674-9555-2B17B5939B5E}.Debug|x64.Build.0 = Debug|Any CPU
		{2C693CA1-CBE6-4674-9555-2B17B5939B5E}.Debug|x86.ActiveCfg = Debug|Any CPU
		{2C693CA1-CBE6-4674-9555-2B17B5939B5E}.Debug|x86.Build.0 = Debug|Any CPU
		{2C693CA1-CBE6-4674-9555-2B17B5939B5E}.Release|Any CPU.ActiveCfg = Release|Any CPU
		{2C693CA1-CBE6-4674-9555-2B17B5939B5E}.Release|Any CPU.Build.0 = Release|Any CPU
		{2C693CA1-CBE6-4674-9555-2B17B5939B5E}.Release|ARM64.ActiveCfg = Release|Any CPU
		{2C693CA1-CBE6-4674-9555-2B17B5939B5E}.Release|ARM64.Build.0 = Release|Any CPU
		{2C693CA1-CBE6-4674-9555-2B17B5939B5E}.Release|x64.ActiveCfg = Release|Any CPU
		{2C693CA1-CBE6-4674-9555-2B17B5939B5E}.Release|x64.Build.0 = Release|Any CPU
		{2C693CA1-CBE6-4674-9555-2B17B5939B5E}.Release|x86.ActiveCfg = Release|Any CPU
		{2C693CA1-CBE6-4674-9555-2B17B5939B5E}.Release|x86.Build.0 = Release|Any CPU
		{5C64D0FE-B283-4A4F-B235-49C5F6FD0229}.Debug|Any CPU.ActiveCfg = Debug|Any CPU
		{5C64D0FE-B283-4A4F-B235-49C5F6FD0229}.Debug|Any CPU.Build.0 = Debug|Any CPU
		{5C64D0FE-B283-4A4F-B235-49C5F6FD0229}.Debug|ARM64.ActiveCfg = Debug|Any CPU
		{5C64D0FE-B283-4A4F-B235-49C5F6FD0229}.Debug|ARM64.Build.0 = Debug|Any CPU
		{5C64D0FE-B283-4A4F-B235-49C5F6FD0229}.Debug|x64.ActiveCfg = Debug|Any CPU
		{5C64D0FE-B283-4A4F-B235-49C5F6FD0229}.Debug|x64.Build.0 = Debug|Any CPU
		{5C64D0FE-B283-4A4F-B235-49C5F6FD0229}.Debug|x86.ActiveCfg = Debug|Any CPU
		{5C64D0FE-B283-4A4F-B235-49C5F6FD0229}.Debug|x86.Build.0 = Debug|Any CPU
		{5C64D0FE-B283-4A4F-B235-49C5F6FD0229}.Release|Any CPU.ActiveCfg = Release|Any CPU
		{5C64D0FE-B283-4A4F-B235-49C5F6FD0229}.Release|Any CPU.Build.0 = Release|Any CPU
		{5C64D0FE-B283-4A4F-B235-49C5F6FD0229}.Release|ARM64.ActiveCfg = Release|Any CPU
		{5C64D0FE-B283-4A4F-B235-49C5F6FD0229}.Release|ARM64.Build.0 = Release|Any CPU
		{5C64D0FE-B283-4A4F-B235-49C5F6FD0229}.Release|x64.ActiveCfg = Release|Any CPU
		{5C64D0FE-B283-4A4F-B235-49C5F6FD0229}.Release|x64.Build.0 = Release|Any CPU
		{5C64D0FE-B283-4A4F-B235-49C5F6FD0229}.Release|x86.ActiveCfg = Release|Any CPU
		{5C64D0FE-B283-4A4F-B235-49C5F6FD0229}.Release|x86.Build.0 = Release|Any CPU
		{D9B87BDE-8771-49DB-99D2-91F2D35A1D48}.Debug|Any CPU.ActiveCfg = Debug|Any CPU
		{D9B87BDE-8771-49DB-99D2-91F2D35A1D48}.Debug|Any CPU.Build.0 = Debug|Any CPU
		{D9B87BDE-8771-49DB-99D2-91F2D35A1D48}.Debug|ARM64.ActiveCfg = Debug|Any CPU
		{D9B87BDE-8771-49DB-99D2-91F2D35A1D48}.Debug|ARM64.Build.0 = Debug|Any CPU
		{D9B87BDE-8771-49DB-99D2-91F2D35A1D48}.Debug|x64.ActiveCfg = Debug|Any CPU
		{D9B87BDE-8771-49DB-99D2-91F2D35A1D48}.Debug|x64.Build.0 = Debug|Any CPU
		{D9B87BDE-8771-49DB-99D2-91F2D35A1D48}.Debug|x86.ActiveCfg = Debug|Any CPU
		{D9B87BDE-8771-49DB-99D2-91F2D35A1D48}.Debug|x86.Build.0 = Debug|Any CPU
		{D9B87BDE-8771-49DB-99D2-91F2D35A1D48}.Release|Any CPU.ActiveCfg = Release|Any CPU
		{D9B87BDE-8771-49DB-99D2-91F2D35A1D48}.Release|Any CPU.Build.0 = Release|Any CPU
		{D9B87BDE-8771-49DB-99D2-91F2D35A1D48}.Release|ARM64.ActiveCfg = Release|Any CPU
		{D9B87BDE-8771-49DB-99D2-91F2D35A1D48}.Release|ARM64.Build.0 = Release|Any CPU
		{D9B87BDE-8771-49DB-99D2-91F2D35A1D48}.Release|x64.ActiveCfg = Release|Any CPU
		{D9B87BDE-8771-49DB-99D2-91F2D35A1D48}.Release|x64.Build.0 = Release|Any CPU
		{D9B87BDE-8771-49DB-99D2-91F2D35A1D48}.Release|x86.ActiveCfg = Release|Any CPU
		{D9B87BDE-8771-49DB-99D2-91F2D35A1D48}.Release|x86.Build.0 = Release|Any CPU
		{A95DE0FF-A967-4A7F-A2C4-2643D14518CB}.Debug|Any CPU.ActiveCfg = Debug|Any CPU
		{A95DE0FF-A967-4A7F-A2C4-2643D14518CB}.Debug|Any CPU.Build.0 = Debug|Any CPU
		{A95DE0FF-A967-4A7F-A2C4-2643D14518CB}.Debug|ARM64.ActiveCfg = Debug|Any CPU
		{A95DE0FF-A967-4A7F-A2C4-2643D14518CB}.Debug|ARM64.Build.0 = Debug|Any CPU
		{A95DE0FF-A967-4A7F-A2C4-2643D14518CB}.Debug|x64.ActiveCfg = Debug|Any CPU
		{A95DE0FF-A967-4A7F-A2C4-2643D14518CB}.Debug|x64.Build.0 = Debug|Any CPU
		{A95DE0FF-A967-4A7F-A2C4-2643D14518CB}.Debug|x86.ActiveCfg = Debug|Any CPU
		{A95DE0FF-A967-4A7F-A2C4-2643D14518CB}.Debug|x86.Build.0 = Debug|Any CPU
		{A95DE0FF-A967-4A7F-A2C4-2643D14518CB}.Release|Any CPU.ActiveCfg = Release|Any CPU
		{A95DE0FF-A967-4A7F-A2C4-2643D14518CB}.Release|Any CPU.Build.0 = Release|Any CPU
		{A95DE0FF-A967-4A7F-A2C4-2643D14518CB}.Release|ARM64.ActiveCfg = Release|Any CPU
		{A95DE0FF-A967-4A7F-A2C4-2643D14518CB}.Release|ARM64.Build.0 = Release|Any CPU
		{A95DE0FF-A967-4A7F-A2C4-2643D14518CB}.Release|x64.ActiveCfg = Release|Any CPU
		{A95DE0FF-A967-4A7F-A2C4-2643D14518CB}.Release|x64.Build.0 = Release|Any CPU
		{A95DE0FF-A967-4A7F-A2C4-2643D14518CB}.Release|x86.ActiveCfg = Release|Any CPU
		{A95DE0FF-A967-4A7F-A2C4-2643D14518CB}.Release|x86.Build.0 = Release|Any CPU
		{765AF5AC-799B-40E4-8A5C-DC0FAF9869F3}.Debug|Any CPU.ActiveCfg = Debug|Any CPU
		{765AF5AC-799B-40E4-8A5C-DC0FAF9869F3}.Debug|Any CPU.Build.0 = Debug|Any CPU
		{765AF5AC-799B-40E4-8A5C-DC0FAF9869F3}.Debug|ARM64.ActiveCfg = Debug|Any CPU
		{765AF5AC-799B-40E4-8A5C-DC0FAF9869F3}.Debug|ARM64.Build.0 = Debug|Any CPU
		{765AF5AC-799B-40E4-8A5C-DC0FAF9869F3}.Debug|x64.ActiveCfg = Debug|Any CPU
		{765AF5AC-799B-40E4-8A5C-DC0FAF9869F3}.Debug|x64.Build.0 = Debug|Any CPU
		{765AF5AC-799B-40E4-8A5C-DC0FAF9869F3}.Debug|x86.ActiveCfg = Debug|Any CPU
		{765AF5AC-799B-40E4-8A5C-DC0FAF9869F3}.Debug|x86.Build.0 = Debug|Any CPU
		{765AF5AC-799B-40E4-8A5C-DC0FAF9869F3}.Release|Any CPU.ActiveCfg = Release|Any CPU
		{765AF5AC-799B-40E4-8A5C-DC0FAF9869F3}.Release|Any CPU.Build.0 = Release|Any CPU
		{765AF5AC-799B-40E4-8A5C-DC0FAF9869F3}.Release|ARM64.ActiveCfg = Release|Any CPU
		{765AF5AC-799B-40E4-8A5C-DC0FAF9869F3}.Release|ARM64.Build.0 = Release|Any CPU
		{765AF5AC-799B-40E4-8A5C-DC0FAF9869F3}.Release|x64.ActiveCfg = Release|Any CPU
		{765AF5AC-799B-40E4-8A5C-DC0FAF9869F3}.Release|x64.Build.0 = Release|Any CPU
		{765AF5AC-799B-40E4-8A5C-DC0FAF9869F3}.Release|x86.ActiveCfg = Release|Any CPU
		{765AF5AC-799B-40E4-8A5C-DC0FAF9869F3}.Release|x86.Build.0 = Release|Any CPU
		{B9F15E0A-15DA-446B-9E57-1DC8E3B5D498}.Debug|Any CPU.ActiveCfg = Debug|Any CPU
		{B9F15E0A-15DA-446B-9E57-1DC8E3B5D498}.Debug|Any CPU.Build.0 = Debug|Any CPU
		{B9F15E0A-15DA-446B-9E57-1DC8E3B5D498}.Debug|Any CPU.Deploy.0 = Debug|Any CPU
		{B9F15E0A-15DA-446B-9E57-1DC8E3B5D498}.Debug|ARM64.ActiveCfg = Debug|Any CPU
		{B9F15E0A-15DA-446B-9E57-1DC8E3B5D498}.Debug|ARM64.Build.0 = Debug|Any CPU
		{B9F15E0A-15DA-446B-9E57-1DC8E3B5D498}.Debug|ARM64.Deploy.0 = Debug|Any CPU
		{B9F15E0A-15DA-446B-9E57-1DC8E3B5D498}.Debug|x64.ActiveCfg = Debug|Any CPU
		{B9F15E0A-15DA-446B-9E57-1DC8E3B5D498}.Debug|x64.Build.0 = Debug|Any CPU
		{B9F15E0A-15DA-446B-9E57-1DC8E3B5D498}.Debug|x64.Deploy.0 = Debug|Any CPU
		{B9F15E0A-15DA-446B-9E57-1DC8E3B5D498}.Debug|x86.ActiveCfg = Debug|Any CPU
		{B9F15E0A-15DA-446B-9E57-1DC8E3B5D498}.Debug|x86.Build.0 = Debug|Any CPU
		{B9F15E0A-15DA-446B-9E57-1DC8E3B5D498}.Debug|x86.Deploy.0 = Debug|Any CPU
		{B9F15E0A-15DA-446B-9E57-1DC8E3B5D498}.Release|Any CPU.ActiveCfg = Release|Any CPU
		{B9F15E0A-15DA-446B-9E57-1DC8E3B5D498}.Release|Any CPU.Build.0 = Release|Any CPU
		{B9F15E0A-15DA-446B-9E57-1DC8E3B5D498}.Release|Any CPU.Deploy.0 = Release|Any CPU
		{B9F15E0A-15DA-446B-9E57-1DC8E3B5D498}.Release|ARM64.ActiveCfg = Release|Any CPU
		{B9F15E0A-15DA-446B-9E57-1DC8E3B5D498}.Release|ARM64.Build.0 = Release|Any CPU
		{B9F15E0A-15DA-446B-9E57-1DC8E3B5D498}.Release|ARM64.Deploy.0 = Release|Any CPU
		{B9F15E0A-15DA-446B-9E57-1DC8E3B5D498}.Release|x64.ActiveCfg = Release|Any CPU
		{B9F15E0A-15DA-446B-9E57-1DC8E3B5D498}.Release|x64.Build.0 = Release|Any CPU
		{B9F15E0A-15DA-446B-9E57-1DC8E3B5D498}.Release|x64.Deploy.0 = Release|Any CPU
		{B9F15E0A-15DA-446B-9E57-1DC8E3B5D498}.Release|x86.ActiveCfg = Release|Any CPU
		{B9F15E0A-15DA-446B-9E57-1DC8E3B5D498}.Release|x86.Build.0 = Release|Any CPU
		{B9F15E0A-15DA-446B-9E57-1DC8E3B5D498}.Release|x86.Deploy.0 = Release|Any CPU
		{C040A803-30A9-4647-95AE-9E40755BA9DF}.Debug|Any CPU.ActiveCfg = Debug|Any CPU
		{C040A803-30A9-4647-95AE-9E40755BA9DF}.Debug|Any CPU.Build.0 = Debug|Any CPU
		{C040A803-30A9-4647-95AE-9E40755BA9DF}.Debug|ARM64.ActiveCfg = Debug|Any CPU
		{C040A803-30A9-4647-95AE-9E40755BA9DF}.Debug|ARM64.Build.0 = Debug|Any CPU
		{C040A803-30A9-4647-95AE-9E40755BA9DF}.Debug|x64.ActiveCfg = Debug|Any CPU
		{C040A803-30A9-4647-95AE-9E40755BA9DF}.Debug|x64.Build.0 = Debug|Any CPU
		{C040A803-30A9-4647-95AE-9E40755BA9DF}.Debug|x86.ActiveCfg = Debug|Any CPU
		{C040A803-30A9-4647-95AE-9E40755BA9DF}.Debug|x86.Build.0 = Debug|Any CPU
		{C040A803-30A9-4647-95AE-9E40755BA9DF}.Release|Any CPU.ActiveCfg = Release|Any CPU
		{C040A803-30A9-4647-95AE-9E40755BA9DF}.Release|Any CPU.Build.0 = Release|Any CPU
		{C040A803-30A9-4647-95AE-9E40755BA9DF}.Release|ARM64.ActiveCfg = Release|Any CPU
		{C040A803-30A9-4647-95AE-9E40755BA9DF}.Release|ARM64.Build.0 = Release|Any CPU
		{C040A803-30A9-4647-95AE-9E40755BA9DF}.Release|x64.ActiveCfg = Release|Any CPU
		{C040A803-30A9-4647-95AE-9E40755BA9DF}.Release|x64.Build.0 = Release|Any CPU
		{C040A803-30A9-4647-95AE-9E40755BA9DF}.Release|x86.ActiveCfg = Release|Any CPU
		{C040A803-30A9-4647-95AE-9E40755BA9DF}.Release|x86.Build.0 = Release|Any CPU
		{8D2692AD-9742-453C-8EF8-EE0486CC094B}.Debug|Any CPU.ActiveCfg = Debug|Any CPU
		{8D2692AD-9742-453C-8EF8-EE0486CC094B}.Debug|Any CPU.Build.0 = Debug|Any CPU
		{8D2692AD-9742-453C-8EF8-EE0486CC094B}.Debug|Any CPU.Deploy.0 = Debug|Any CPU
		{8D2692AD-9742-453C-8EF8-EE0486CC094B}.Debug|ARM64.ActiveCfg = Debug|Any CPU
		{8D2692AD-9742-453C-8EF8-EE0486CC094B}.Debug|ARM64.Build.0 = Debug|Any CPU
		{8D2692AD-9742-453C-8EF8-EE0486CC094B}.Debug|ARM64.Deploy.0 = Debug|Any CPU
		{8D2692AD-9742-453C-8EF8-EE0486CC094B}.Debug|x64.ActiveCfg = Debug|Any CPU
		{8D2692AD-9742-453C-8EF8-EE0486CC094B}.Debug|x64.Build.0 = Debug|Any CPU
		{8D2692AD-9742-453C-8EF8-EE0486CC094B}.Debug|x64.Deploy.0 = Debug|Any CPU
		{8D2692AD-9742-453C-8EF8-EE0486CC094B}.Debug|x86.ActiveCfg = Debug|Any CPU
		{8D2692AD-9742-453C-8EF8-EE0486CC094B}.Debug|x86.Build.0 = Debug|Any CPU
		{8D2692AD-9742-453C-8EF8-EE0486CC094B}.Debug|x86.Deploy.0 = Debug|Any CPU
		{8D2692AD-9742-453C-8EF8-EE0486CC094B}.Release|Any CPU.ActiveCfg = Release|Any CPU
		{8D2692AD-9742-453C-8EF8-EE0486CC094B}.Release|Any CPU.Build.0 = Release|Any CPU
		{8D2692AD-9742-453C-8EF8-EE0486CC094B}.Release|Any CPU.Deploy.0 = Release|Any CPU
		{8D2692AD-9742-453C-8EF8-EE0486CC094B}.Release|ARM64.ActiveCfg = Release|Any CPU
		{8D2692AD-9742-453C-8EF8-EE0486CC094B}.Release|ARM64.Build.0 = Release|Any CPU
		{8D2692AD-9742-453C-8EF8-EE0486CC094B}.Release|ARM64.Deploy.0 = Release|Any CPU
		{8D2692AD-9742-453C-8EF8-EE0486CC094B}.Release|x64.ActiveCfg = Release|Any CPU
		{8D2692AD-9742-453C-8EF8-EE0486CC094B}.Release|x64.Build.0 = Release|Any CPU
		{8D2692AD-9742-453C-8EF8-EE0486CC094B}.Release|x64.Deploy.0 = Release|Any CPU
		{8D2692AD-9742-453C-8EF8-EE0486CC094B}.Release|x86.ActiveCfg = Release|Any CPU
		{8D2692AD-9742-453C-8EF8-EE0486CC094B}.Release|x86.Build.0 = Release|Any CPU
		{8D2692AD-9742-453C-8EF8-EE0486CC094B}.Release|x86.Deploy.0 = Release|Any CPU
		{8215BB5A-EC0A-407D-8F61-373F40275E86}.Debug|Any CPU.ActiveCfg = Debug|Any CPU
		{8215BB5A-EC0A-407D-8F61-373F40275E86}.Debug|Any CPU.Build.0 = Debug|Any CPU
		{8215BB5A-EC0A-407D-8F61-373F40275E86}.Debug|Any CPU.Deploy.0 = Debug|Any CPU
		{8215BB5A-EC0A-407D-8F61-373F40275E86}.Debug|ARM64.ActiveCfg = Debug|Any CPU
		{8215BB5A-EC0A-407D-8F61-373F40275E86}.Debug|ARM64.Build.0 = Debug|Any CPU
		{8215BB5A-EC0A-407D-8F61-373F40275E86}.Debug|ARM64.Deploy.0 = Debug|Any CPU
		{8215BB5A-EC0A-407D-8F61-373F40275E86}.Debug|x64.ActiveCfg = Debug|Any CPU
		{8215BB5A-EC0A-407D-8F61-373F40275E86}.Debug|x64.Build.0 = Debug|Any CPU
		{8215BB5A-EC0A-407D-8F61-373F40275E86}.Debug|x64.Deploy.0 = Debug|Any CPU
		{8215BB5A-EC0A-407D-8F61-373F40275E86}.Debug|x86.ActiveCfg = Debug|Any CPU
		{8215BB5A-EC0A-407D-8F61-373F40275E86}.Debug|x86.Build.0 = Debug|Any CPU
		{8215BB5A-EC0A-407D-8F61-373F40275E86}.Debug|x86.Deploy.0 = Debug|Any CPU
		{8215BB5A-EC0A-407D-8F61-373F40275E86}.Release|Any CPU.ActiveCfg = Release|Any CPU
		{8215BB5A-EC0A-407D-8F61-373F40275E86}.Release|Any CPU.Build.0 = Release|Any CPU
		{8215BB5A-EC0A-407D-8F61-373F40275E86}.Release|Any CPU.Deploy.0 = Release|Any CPU
		{8215BB5A-EC0A-407D-8F61-373F40275E86}.Release|ARM64.ActiveCfg = Release|Any CPU
		{8215BB5A-EC0A-407D-8F61-373F40275E86}.Release|ARM64.Build.0 = Release|Any CPU
		{8215BB5A-EC0A-407D-8F61-373F40275E86}.Release|ARM64.Deploy.0 = Release|Any CPU
		{8215BB5A-EC0A-407D-8F61-373F40275E86}.Release|x64.ActiveCfg = Release|Any CPU
		{8215BB5A-EC0A-407D-8F61-373F40275E86}.Release|x64.Build.0 = Release|Any CPU
		{8215BB5A-EC0A-407D-8F61-373F40275E86}.Release|x64.Deploy.0 = Release|Any CPU
		{8215BB5A-EC0A-407D-8F61-373F40275E86}.Release|x86.ActiveCfg = Release|Any CPU
		{8215BB5A-EC0A-407D-8F61-373F40275E86}.Release|x86.Build.0 = Release|Any CPU
		{8215BB5A-EC0A-407D-8F61-373F40275E86}.Release|x86.Deploy.0 = Release|Any CPU
		{2F9FBC53-F4DD-42E5-AF99-43FB4B228E20}.Debug|Any CPU.ActiveCfg = Debug|Any CPU
		{2F9FBC53-F4DD-42E5-AF99-43FB4B228E20}.Debug|Any CPU.Build.0 = Debug|Any CPU
		{2F9FBC53-F4DD-42E5-AF99-43FB4B228E20}.Debug|Any CPU.Deploy.0 = Debug|Any CPU
		{2F9FBC53-F4DD-42E5-AF99-43FB4B228E20}.Debug|ARM64.ActiveCfg = Debug|Any CPU
		{2F9FBC53-F4DD-42E5-AF99-43FB4B228E20}.Debug|ARM64.Build.0 = Debug|Any CPU
		{2F9FBC53-F4DD-42E5-AF99-43FB4B228E20}.Debug|ARM64.Deploy.0 = Debug|Any CPU
		{2F9FBC53-F4DD-42E5-AF99-43FB4B228E20}.Debug|x64.ActiveCfg = Debug|Any CPU
		{2F9FBC53-F4DD-42E5-AF99-43FB4B228E20}.Debug|x64.Build.0 = Debug|Any CPU
		{2F9FBC53-F4DD-42E5-AF99-43FB4B228E20}.Debug|x64.Deploy.0 = Debug|Any CPU
		{2F9FBC53-F4DD-42E5-AF99-43FB4B228E20}.Debug|x86.ActiveCfg = Debug|Any CPU
		{2F9FBC53-F4DD-42E5-AF99-43FB4B228E20}.Debug|x86.Build.0 = Debug|Any CPU
		{2F9FBC53-F4DD-42E5-AF99-43FB4B228E20}.Debug|x86.Deploy.0 = Debug|Any CPU
		{2F9FBC53-F4DD-42E5-AF99-43FB4B228E20}.Release|Any CPU.ActiveCfg = Release|Any CPU
		{2F9FBC53-F4DD-42E5-AF99-43FB4B228E20}.Release|Any CPU.Build.0 = Release|Any CPU
		{2F9FBC53-F4DD-42E5-AF99-43FB4B228E20}.Release|Any CPU.Deploy.0 = Release|Any CPU
		{2F9FBC53-F4DD-42E5-AF99-43FB4B228E20}.Release|ARM64.ActiveCfg = Release|Any CPU
		{2F9FBC53-F4DD-42E5-AF99-43FB4B228E20}.Release|ARM64.Build.0 = Release|Any CPU
		{2F9FBC53-F4DD-42E5-AF99-43FB4B228E20}.Release|ARM64.Deploy.0 = Release|Any CPU
		{2F9FBC53-F4DD-42E5-AF99-43FB4B228E20}.Release|x64.ActiveCfg = Release|Any CPU
		{2F9FBC53-F4DD-42E5-AF99-43FB4B228E20}.Release|x64.Build.0 = Release|Any CPU
		{2F9FBC53-F4DD-42E5-AF99-43FB4B228E20}.Release|x64.Deploy.0 = Release|Any CPU
		{2F9FBC53-F4DD-42E5-AF99-43FB4B228E20}.Release|x86.ActiveCfg = Release|Any CPU
		{2F9FBC53-F4DD-42E5-AF99-43FB4B228E20}.Release|x86.Build.0 = Release|Any CPU
		{2F9FBC53-F4DD-42E5-AF99-43FB4B228E20}.Release|x86.Deploy.0 = Release|Any CPU
		{581B7B99-11D1-48DA-A7E6-6BDBC2A0A04D}.Debug|Any CPU.ActiveCfg = Debug|x64
		{581B7B99-11D1-48DA-A7E6-6BDBC2A0A04D}.Debug|Any CPU.Build.0 = Debug|x64
		{581B7B99-11D1-48DA-A7E6-6BDBC2A0A04D}.Debug|Any CPU.Deploy.0 = Debug|x64
		{581B7B99-11D1-48DA-A7E6-6BDBC2A0A04D}.Debug|ARM64.ActiveCfg = Debug|ARM64
		{581B7B99-11D1-48DA-A7E6-6BDBC2A0A04D}.Debug|ARM64.Build.0 = Debug|ARM64
		{581B7B99-11D1-48DA-A7E6-6BDBC2A0A04D}.Debug|ARM64.Deploy.0 = Debug|ARM64
		{581B7B99-11D1-48DA-A7E6-6BDBC2A0A04D}.Debug|x64.ActiveCfg = Debug|x64
		{581B7B99-11D1-48DA-A7E6-6BDBC2A0A04D}.Debug|x64.Build.0 = Debug|x64
		{581B7B99-11D1-48DA-A7E6-6BDBC2A0A04D}.Debug|x64.Deploy.0 = Debug|x64
		{581B7B99-11D1-48DA-A7E6-6BDBC2A0A04D}.Debug|x86.ActiveCfg = Debug|x86
		{581B7B99-11D1-48DA-A7E6-6BDBC2A0A04D}.Debug|x86.Build.0 = Debug|x86
		{581B7B99-11D1-48DA-A7E6-6BDBC2A0A04D}.Debug|x86.Deploy.0 = Debug|x86
		{581B7B99-11D1-48DA-A7E6-6BDBC2A0A04D}.Release|Any CPU.ActiveCfg = Release|x64
		{581B7B99-11D1-48DA-A7E6-6BDBC2A0A04D}.Release|Any CPU.Build.0 = Release|x64
		{581B7B99-11D1-48DA-A7E6-6BDBC2A0A04D}.Release|Any CPU.Deploy.0 = Release|x64
		{581B7B99-11D1-48DA-A7E6-6BDBC2A0A04D}.Release|ARM64.ActiveCfg = Release|ARM64
		{581B7B99-11D1-48DA-A7E6-6BDBC2A0A04D}.Release|ARM64.Build.0 = Release|ARM64
		{581B7B99-11D1-48DA-A7E6-6BDBC2A0A04D}.Release|ARM64.Deploy.0 = Release|ARM64
		{581B7B99-11D1-48DA-A7E6-6BDBC2A0A04D}.Release|x64.ActiveCfg = Release|x64
		{581B7B99-11D1-48DA-A7E6-6BDBC2A0A04D}.Release|x64.Build.0 = Release|x64
		{581B7B99-11D1-48DA-A7E6-6BDBC2A0A04D}.Release|x64.Deploy.0 = Release|x64
		{581B7B99-11D1-48DA-A7E6-6BDBC2A0A04D}.Release|x86.ActiveCfg = Release|x86
		{581B7B99-11D1-48DA-A7E6-6BDBC2A0A04D}.Release|x86.Build.0 = Release|x86
		{581B7B99-11D1-48DA-A7E6-6BDBC2A0A04D}.Release|x86.Deploy.0 = Release|x86
		{2BEBF692-8FA2-4F3B-8F8C-FC5EE8338448}.Debug|Any CPU.ActiveCfg = Debug|Any CPU
		{2BEBF692-8FA2-4F3B-8F8C-FC5EE8338448}.Debug|Any CPU.Build.0 = Debug|Any CPU
		{2BEBF692-8FA2-4F3B-8F8C-FC5EE8338448}.Debug|ARM64.ActiveCfg = Debug|Any CPU
		{2BEBF692-8FA2-4F3B-8F8C-FC5EE8338448}.Debug|ARM64.Build.0 = Debug|Any CPU
		{2BEBF692-8FA2-4F3B-8F8C-FC5EE8338448}.Debug|x64.ActiveCfg = Debug|Any CPU
		{2BEBF692-8FA2-4F3B-8F8C-FC5EE8338448}.Debug|x64.Build.0 = Debug|Any CPU
		{2BEBF692-8FA2-4F3B-8F8C-FC5EE8338448}.Debug|x86.ActiveCfg = Debug|Any CPU
		{2BEBF692-8FA2-4F3B-8F8C-FC5EE8338448}.Debug|x86.Build.0 = Debug|Any CPU
		{2BEBF692-8FA2-4F3B-8F8C-FC5EE8338448}.Release|Any CPU.ActiveCfg = Release|Any CPU
		{2BEBF692-8FA2-4F3B-8F8C-FC5EE8338448}.Release|Any CPU.Build.0 = Release|Any CPU
		{2BEBF692-8FA2-4F3B-8F8C-FC5EE8338448}.Release|ARM64.ActiveCfg = Release|Any CPU
		{2BEBF692-8FA2-4F3B-8F8C-FC5EE8338448}.Release|ARM64.Build.0 = Release|Any CPU
		{2BEBF692-8FA2-4F3B-8F8C-FC5EE8338448}.Release|x64.ActiveCfg = Release|Any CPU
		{2BEBF692-8FA2-4F3B-8F8C-FC5EE8338448}.Release|x64.Build.0 = Release|Any CPU
		{2BEBF692-8FA2-4F3B-8F8C-FC5EE8338448}.Release|x86.ActiveCfg = Release|Any CPU
		{2BEBF692-8FA2-4F3B-8F8C-FC5EE8338448}.Release|x86.Build.0 = Release|Any CPU
		{25A8B2D2-284F-4ABD-9E15-ACC37B7F7F4F}.Debug|Any CPU.ActiveCfg = Debug|Any CPU
		{25A8B2D2-284F-4ABD-9E15-ACC37B7F7F4F}.Debug|Any CPU.Build.0 = Debug|Any CPU
		{25A8B2D2-284F-4ABD-9E15-ACC37B7F7F4F}.Debug|ARM64.ActiveCfg = Debug|Any CPU
		{25A8B2D2-284F-4ABD-9E15-ACC37B7F7F4F}.Debug|ARM64.Build.0 = Debug|Any CPU
		{25A8B2D2-284F-4ABD-9E15-ACC37B7F7F4F}.Debug|x64.ActiveCfg = Debug|Any CPU
		{25A8B2D2-284F-4ABD-9E15-ACC37B7F7F4F}.Debug|x64.Build.0 = Debug|Any CPU
		{25A8B2D2-284F-4ABD-9E15-ACC37B7F7F4F}.Debug|x86.ActiveCfg = Debug|Any CPU
		{25A8B2D2-284F-4ABD-9E15-ACC37B7F7F4F}.Debug|x86.Build.0 = Debug|Any CPU
		{25A8B2D2-284F-4ABD-9E15-ACC37B7F7F4F}.Release|Any CPU.ActiveCfg = Release|Any CPU
		{25A8B2D2-284F-4ABD-9E15-ACC37B7F7F4F}.Release|Any CPU.Build.0 = Release|Any CPU
		{25A8B2D2-284F-4ABD-9E15-ACC37B7F7F4F}.Release|ARM64.ActiveCfg = Release|Any CPU
		{25A8B2D2-284F-4ABD-9E15-ACC37B7F7F4F}.Release|ARM64.Build.0 = Release|Any CPU
		{25A8B2D2-284F-4ABD-9E15-ACC37B7F7F4F}.Release|x64.ActiveCfg = Release|Any CPU
		{25A8B2D2-284F-4ABD-9E15-ACC37B7F7F4F}.Release|x64.Build.0 = Release|Any CPU
		{25A8B2D2-284F-4ABD-9E15-ACC37B7F7F4F}.Release|x86.ActiveCfg = Release|Any CPU
		{25A8B2D2-284F-4ABD-9E15-ACC37B7F7F4F}.Release|x86.Build.0 = Release|Any CPU
		{DA38BB0E-1026-4023-976B-E0701F5956E2}.Debug|Any CPU.ActiveCfg = Debug|Any CPU
		{DA38BB0E-1026-4023-976B-E0701F5956E2}.Debug|Any CPU.Build.0 = Debug|Any CPU
		{DA38BB0E-1026-4023-976B-E0701F5956E2}.Debug|ARM64.ActiveCfg = Debug|Any CPU
		{DA38BB0E-1026-4023-976B-E0701F5956E2}.Debug|ARM64.Build.0 = Debug|Any CPU
		{DA38BB0E-1026-4023-976B-E0701F5956E2}.Debug|x64.ActiveCfg = Debug|Any CPU
		{DA38BB0E-1026-4023-976B-E0701F5956E2}.Debug|x64.Build.0 = Debug|Any CPU
		{DA38BB0E-1026-4023-976B-E0701F5956E2}.Debug|x86.ActiveCfg = Debug|Any CPU
		{DA38BB0E-1026-4023-976B-E0701F5956E2}.Debug|x86.Build.0 = Debug|Any CPU
		{DA38BB0E-1026-4023-976B-E0701F5956E2}.Release|Any CPU.ActiveCfg = Release|Any CPU
		{DA38BB0E-1026-4023-976B-E0701F5956E2}.Release|Any CPU.Build.0 = Release|Any CPU
		{DA38BB0E-1026-4023-976B-E0701F5956E2}.Release|ARM64.ActiveCfg = Release|Any CPU
		{DA38BB0E-1026-4023-976B-E0701F5956E2}.Release|ARM64.Build.0 = Release|Any CPU
		{DA38BB0E-1026-4023-976B-E0701F5956E2}.Release|x64.ActiveCfg = Release|Any CPU
		{DA38BB0E-1026-4023-976B-E0701F5956E2}.Release|x64.Build.0 = Release|Any CPU
		{DA38BB0E-1026-4023-976B-E0701F5956E2}.Release|x86.ActiveCfg = Release|Any CPU
		{DA38BB0E-1026-4023-976B-E0701F5956E2}.Release|x86.Build.0 = Release|Any CPU
		{D2998072-CB35-42A0-BC8B-3363597BC620}.Debug|Any CPU.ActiveCfg = Debug|Any CPU
		{D2998072-CB35-42A0-BC8B-3363597BC620}.Debug|Any CPU.Build.0 = Debug|Any CPU
		{D2998072-CB35-42A0-BC8B-3363597BC620}.Debug|ARM64.ActiveCfg = Debug|Any CPU
		{D2998072-CB35-42A0-BC8B-3363597BC620}.Debug|ARM64.Build.0 = Debug|Any CPU
		{D2998072-CB35-42A0-BC8B-3363597BC620}.Debug|x64.ActiveCfg = Debug|Any CPU
		{D2998072-CB35-42A0-BC8B-3363597BC620}.Debug|x64.Build.0 = Debug|Any CPU
		{D2998072-CB35-42A0-BC8B-3363597BC620}.Debug|x86.ActiveCfg = Debug|Any CPU
		{D2998072-CB35-42A0-BC8B-3363597BC620}.Debug|x86.Build.0 = Debug|Any CPU
		{D2998072-CB35-42A0-BC8B-3363597BC620}.Release|Any CPU.ActiveCfg = Release|Any CPU
		{D2998072-CB35-42A0-BC8B-3363597BC620}.Release|Any CPU.Build.0 = Release|Any CPU
		{D2998072-CB35-42A0-BC8B-3363597BC620}.Release|ARM64.ActiveCfg = Release|Any CPU
		{D2998072-CB35-42A0-BC8B-3363597BC620}.Release|ARM64.Build.0 = Release|Any CPU
		{D2998072-CB35-42A0-BC8B-3363597BC620}.Release|x64.ActiveCfg = Release|Any CPU
		{D2998072-CB35-42A0-BC8B-3363597BC620}.Release|x64.Build.0 = Release|Any CPU
		{D2998072-CB35-42A0-BC8B-3363597BC620}.Release|x86.ActiveCfg = Release|Any CPU
		{D2998072-CB35-42A0-BC8B-3363597BC620}.Release|x86.Build.0 = Release|Any CPU
		{3CF4D025-7332-4EB9-B5E1-DD7B4AD926D6}.Debug|Any CPU.ActiveCfg = Debug|Any CPU
		{3CF4D025-7332-4EB9-B5E1-DD7B4AD926D6}.Debug|Any CPU.Build.0 = Debug|Any CPU
		{3CF4D025-7332-4EB9-B5E1-DD7B4AD926D6}.Debug|ARM64.ActiveCfg = Debug|Any CPU
		{3CF4D025-7332-4EB9-B5E1-DD7B4AD926D6}.Debug|ARM64.Build.0 = Debug|Any CPU
		{3CF4D025-7332-4EB9-B5E1-DD7B4AD926D6}.Debug|x64.ActiveCfg = Debug|Any CPU
		{3CF4D025-7332-4EB9-B5E1-DD7B4AD926D6}.Debug|x64.Build.0 = Debug|Any CPU
		{3CF4D025-7332-4EB9-B5E1-DD7B4AD926D6}.Debug|x86.ActiveCfg = Debug|Any CPU
		{3CF4D025-7332-4EB9-B5E1-DD7B4AD926D6}.Debug|x86.Build.0 = Debug|Any CPU
		{3CF4D025-7332-4EB9-B5E1-DD7B4AD926D6}.Release|Any CPU.ActiveCfg = Release|Any CPU
		{3CF4D025-7332-4EB9-B5E1-DD7B4AD926D6}.Release|Any CPU.Build.0 = Release|Any CPU
		{3CF4D025-7332-4EB9-B5E1-DD7B4AD926D6}.Release|ARM64.ActiveCfg = Release|Any CPU
		{3CF4D025-7332-4EB9-B5E1-DD7B4AD926D6}.Release|ARM64.Build.0 = Release|Any CPU
		{3CF4D025-7332-4EB9-B5E1-DD7B4AD926D6}.Release|x64.ActiveCfg = Release|Any CPU
		{3CF4D025-7332-4EB9-B5E1-DD7B4AD926D6}.Release|x64.Build.0 = Release|Any CPU
		{3CF4D025-7332-4EB9-B5E1-DD7B4AD926D6}.Release|x86.ActiveCfg = Release|Any CPU
		{3CF4D025-7332-4EB9-B5E1-DD7B4AD926D6}.Release|x86.Build.0 = Release|Any CPU
		{1C24AD54-CFBE-471D-ACB4-D9B5E115628A}.Debug|Any CPU.ActiveCfg = Debug|Any CPU
		{1C24AD54-CFBE-471D-ACB4-D9B5E115628A}.Debug|Any CPU.Build.0 = Debug|Any CPU
		{1C24AD54-CFBE-471D-ACB4-D9B5E115628A}.Debug|ARM64.ActiveCfg = Debug|Any CPU
		{1C24AD54-CFBE-471D-ACB4-D9B5E115628A}.Debug|ARM64.Build.0 = Debug|Any CPU
		{1C24AD54-CFBE-471D-ACB4-D9B5E115628A}.Debug|x64.ActiveCfg = Debug|Any CPU
		{1C24AD54-CFBE-471D-ACB4-D9B5E115628A}.Debug|x64.Build.0 = Debug|Any CPU
		{1C24AD54-CFBE-471D-ACB4-D9B5E115628A}.Debug|x86.ActiveCfg = Debug|Any CPU
		{1C24AD54-CFBE-471D-ACB4-D9B5E115628A}.Debug|x86.Build.0 = Debug|Any CPU
		{1C24AD54-CFBE-471D-ACB4-D9B5E115628A}.Release|Any CPU.ActiveCfg = Release|Any CPU
		{1C24AD54-CFBE-471D-ACB4-D9B5E115628A}.Release|Any CPU.Build.0 = Release|Any CPU
		{1C24AD54-CFBE-471D-ACB4-D9B5E115628A}.Release|ARM64.ActiveCfg = Release|Any CPU
		{1C24AD54-CFBE-471D-ACB4-D9B5E115628A}.Release|ARM64.Build.0 = Release|Any CPU
		{1C24AD54-CFBE-471D-ACB4-D9B5E115628A}.Release|x64.ActiveCfg = Release|Any CPU
		{1C24AD54-CFBE-471D-ACB4-D9B5E115628A}.Release|x64.Build.0 = Release|Any CPU
		{1C24AD54-CFBE-471D-ACB4-D9B5E115628A}.Release|x86.ActiveCfg = Release|Any CPU
		{1C24AD54-CFBE-471D-ACB4-D9B5E115628A}.Release|x86.Build.0 = Release|Any CPU
		{624790EC-7DD3-484B-B8E9-11B824D5A9F2}.Debug|Any CPU.ActiveCfg = Debug|Any CPU
		{624790EC-7DD3-484B-B8E9-11B824D5A9F2}.Debug|Any CPU.Build.0 = Debug|Any CPU
		{624790EC-7DD3-484B-B8E9-11B824D5A9F2}.Debug|ARM64.ActiveCfg = Debug|Any CPU
		{624790EC-7DD3-484B-B8E9-11B824D5A9F2}.Debug|ARM64.Build.0 = Debug|Any CPU
		{624790EC-7DD3-484B-B8E9-11B824D5A9F2}.Debug|x64.ActiveCfg = Debug|Any CPU
		{624790EC-7DD3-484B-B8E9-11B824D5A9F2}.Debug|x64.Build.0 = Debug|Any CPU
		{624790EC-7DD3-484B-B8E9-11B824D5A9F2}.Debug|x86.ActiveCfg = Debug|Any CPU
		{624790EC-7DD3-484B-B8E9-11B824D5A9F2}.Debug|x86.Build.0 = Debug|Any CPU
		{624790EC-7DD3-484B-B8E9-11B824D5A9F2}.Release|Any CPU.ActiveCfg = Release|Any CPU
		{624790EC-7DD3-484B-B8E9-11B824D5A9F2}.Release|Any CPU.Build.0 = Release|Any CPU
		{624790EC-7DD3-484B-B8E9-11B824D5A9F2}.Release|ARM64.ActiveCfg = Release|Any CPU
		{624790EC-7DD3-484B-B8E9-11B824D5A9F2}.Release|ARM64.Build.0 = Release|Any CPU
		{624790EC-7DD3-484B-B8E9-11B824D5A9F2}.Release|x64.ActiveCfg = Release|Any CPU
		{624790EC-7DD3-484B-B8E9-11B824D5A9F2}.Release|x64.Build.0 = Release|Any CPU
		{624790EC-7DD3-484B-B8E9-11B824D5A9F2}.Release|x86.ActiveCfg = Release|Any CPU
		{624790EC-7DD3-484B-B8E9-11B824D5A9F2}.Release|x86.Build.0 = Release|Any CPU
	EndGlobalSection
	GlobalSection(SolutionProperties) = preSolution
		HideSolutionNode = FALSE
	EndGlobalSection
	GlobalSection(NestedProjects) = preSolution
		{A95DE0FF-A967-4A7F-A2C4-2643D14518CB} = {CCF8CF05-5B88-4A83-82D3-B81478DB8E41}
		{765AF5AC-799B-40E4-8A5C-DC0FAF9869F3} = {CCF8CF05-5B88-4A83-82D3-B81478DB8E41}
		{B9F15E0A-15DA-446B-9E57-1DC8E3B5D498} = {CCF8CF05-5B88-4A83-82D3-B81478DB8E41}
		{C040A803-30A9-4647-95AE-9E40755BA9DF} = {6D111A1E-D72F-4886-B31F-78EEDD6CA87E}
		{8D2692AD-9742-453C-8EF8-EE0486CC094B} = {6D111A1E-D72F-4886-B31F-78EEDD6CA87E}
		{8215BB5A-EC0A-407D-8F61-373F40275E86} = {6D111A1E-D72F-4886-B31F-78EEDD6CA87E}
		{2F9FBC53-F4DD-42E5-AF99-43FB4B228E20} = {6D111A1E-D72F-4886-B31F-78EEDD6CA87E}
		{581B7B99-11D1-48DA-A7E6-6BDBC2A0A04D} = {6D111A1E-D72F-4886-B31F-78EEDD6CA87E}
		{60B7393D-9285-4D0A-A368-877ED60C6C11} = {39445712-FE9F-4406-A103-F181E9DC2233}
		{1C24AD54-CFBE-471D-ACB4-D9B5E115628A} = {39445712-FE9F-4406-A103-F181E9DC2233}
	EndGlobalSection
	GlobalSection(ExtensibilityGlobals) = postSolution
		SolutionGuid = {F3EFB0EB-BFFA-4C16-B235-B121695229EF}
	EndGlobalSection
	GlobalSection(SharedMSBuildProjectFiles) = preSolution
		Tests\IntegrationTestShared\IntegrationTestShared.projitems*{1c24ad54-cfbe-471d-acb4-d9b5e115628a}*SharedItemsImports = 5
		Tests\IntegrationTestShared\IntegrationTestShared.projitems*{60b7393d-9285-4d0a-a368-877ed60c6c11}*SharedItemsImports = 13
	EndGlobalSection
EndGlobal
